
Microsoft Visual Studio Solution File, Format Version 12.00
Project("{FAE04EC0-301F-11D3-BF4B-00C04F79EFBC}") = "Hamelin.Runtimes.GitHubActions", "src\Hamelin.Runtimes.GitHubActions\Hamelin.Runtimes.GitHubActions.csproj", "{5C3E0287-E297-4BD7-9A85-33D3E4113AA4}"
EndProject
Project("{2150E333-8FDC-42A3-9474-1A3956D46DE8}") = "config", "config", "{D9660D48-2CE6-4A1D-9F0A-7DB9521A5CDC}"
	ProjectSection(SolutionItems) = preProject
		.editorconfig = .editorconfig
		.gitignore = .gitignore
	EndProjectSection
EndProject
Project("{2150E333-8FDC-42A3-9474-1A3956D46DE8}") = "build", "build", "{32AEF0F6-22C5-4AD3-B71E-CA6C78B8FBBE}"
	ProjectSection(SolutionItems) = preProject
		.github\workflows\pr.yml = .github\workflows\pr.yml
		.github\workflows\release.yml = .github\workflows\release.yml
	EndProjectSection
EndProject
Project("{FAE04EC0-301F-11D3-BF4B-00C04F79EFBC}") = "Hamelin.Runties.GitHubActions.Tests.Unit", "tests\Hamelin.Runtimes.GitHubActions.Tests.Unit\Hamelin.Runtimes.GitHubActions.Tests.Unit.csproj", "{FB8F9F2B-0BB4-4EB2-BE51-627A19DF71DB}"
EndProject
Global
	GlobalSection(SolutionConfigurationPlatforms) = preSolution
		Debug|Any CPU = Debug|Any CPU
		Release|Any CPU = Release|Any CPU
	EndGlobalSection
	GlobalSection(ProjectConfigurationPlatforms) = postSolution
		{5C3E0287-E297-4BD7-9A85-33D3E4113AA4}.Debug|Any CPU.ActiveCfg = Debug|Any CPU
		{5C3E0287-E297-4BD7-9A85-33D3E4113AA4}.Debug|Any CPU.Build.0 = Debug|Any CPU
		{5C3E0287-E297-4BD7-9A85-33D3E4113AA4}.Release|Any CPU.ActiveCfg = Release|Any CPU
		{5C3E0287-E297-4BD7-9A85-33D3E4113AA4}.Release|Any CPU.Build.0 = Release|Any CPU
		{FB8F9F2B-0BB4-4EB2-BE51-627A19DF71DB}.Debug|Any CPU.ActiveCfg = Debug|Any CPU
		{FB8F9F2B-0BB4-4EB2-BE51-627A19DF71DB}.Debug|Any CPU.Build.0 = Debug|Any CPU
		{FB8F9F2B-0BB4-4EB2-BE51-627A19DF71DB}.Release|Any CPU.ActiveCfg = Release|Any CPU
		{FB8F9F2B-0BB4-4EB2-BE51-627A19DF71DB}.Release|Any CPU.Build.0 = Release|Any CPU
	EndGlobalSection
EndGlobal
